{
  "nodes": {
    "flake-parts": {
      "inputs": {
        "nixpkgs-lib": [
          "neovim-nightly-overlay",
          "nixpkgs"
        ]
      },
      "locked": {
        "lastModified": 1768135262,
        "narHash": "sha256-PVvu7OqHBGWN16zSi6tEmPwwHQ4rLPU9Plvs8/1TUBY=",
        "owner": "hercules-ci",
        "repo": "flake-parts",
        "rev": "80daad04eddbbf5a4d883996a73f3f542fa437ac",
        "type": "github"
      },
      "original": {
        "owner": "hercules-ci",
        "repo": "flake-parts",
        "type": "github"
      }
    },
    "neovim-nightly-overlay": {
      "inputs": {
        "flake-parts": "flake-parts",
        "neovim-src": "neovim-src",
        "nixpkgs": "nixpkgs"
      },
      "locked": {
        "lastModified": 1769859512,
        "narHash": "sha256-BsYEI2fTjChvBY0wFsJv5ufv9dQTzsgsxEtQ4zx4NNo=",
        "owner": "nix-community",
        "repo": "neovim-nightly-overlay",
        "rev": "acf33ca3afe3fe6f205c1718115dff27907d3258",
        "type": "github"
      },
      "original": {
        "owner": "nix-community",
        "repo": "neovim-nightly-overlay",
        "type": "github"
      }
    },
    "neovim-src": {
      "flake": false,
      "locked": {
        "lastModified": 1769793768,
        "narHash": "sha256-jUfWCAZYosw51HBzOrlgmRMFENDMLHHvgM7N4SYaSPw=",
        "owner": "neovim",
        "repo": "neovim",
        "rev": "ed4c549ea2436b820860c3453d348c84d441de9b",
        "type": "github"
      },
      "original": {
        "owner": "neovim",
        "repo": "neovim",
        "type": "github"
      }
    },
    "nixpkgs": {
      "locked": {
        "lastModified": 1769740369,
        "narHash": "sha256-xKPyJoMoXfXpDM5DFDZDsi9PHArf2k5BJjvReYXoFpM=",
        "owner": "NixOS",
        "repo": "nixpkgs",
        "rev": "6308c3b21396534d8aaeac46179c14c439a89b8a",
        "type": "github"
      },
      "original": {
        "owner": "NixOS",
        "ref": "nixpkgs-unstable",
        "repo": "nixpkgs",
        "type": "github"
      }
    },
    "nixpkgs_2": {
      "locked": {
        "lastModified": 1769740369,
        "narHash": "sha256-xKPyJoMoXfXpDM5DFDZDsi9PHArf2k5BJjvReYXoFpM=",
        "owner": "NixOS",
        "repo": "nixpkgs",
        "rev": "6308c3b21396534d8aaeac46179c14c439a89b8a",
        "type": "github"
      },
      "original": {
        "owner": "NixOS",
        "ref": "nixpkgs-unstable",
        "repo": "nixpkgs",
        "type": "github"
      }
    },
    "nixpkgs_3": {
      "locked": {
        "lastModified": 1768393167,
        "narHash": "sha256-n2063BRjHde6DqAz2zavhOOiLUwA3qXt7jQYHyETjX8=",
        "owner": "NixOS",
        "repo": "nixpkgs",
        "rev": "2f594d5af95d4fdac67fba60376ec11e482041cb",
        "type": "github"
      },
      "original": {
        "owner": "NixOS",
        "ref": "nixpkgs-unstable",
        "repo": "nixpkgs",
        "type": "github"
      }
    },
    "nixpkgs_4": {
      "locked": {
        "lastModified": 1744536153,
        "narHash": "sha256-awS2zRgF4uTwrOKwwiJcByDzDOdo3Q1rPZbiHQg/N38=",
        "owner": "NixOS",
        "repo": "nixpkgs",
        "rev": "18dd725c29603f582cf1900e0d25f9f1063dbf11",
        "type": "github"
      },
      "original": {
        "owner": "NixOS",
        "ref": "nixpkgs-unstable",
        "repo": "nixpkgs",
        "type": "github"
      }
    },
    "opencode": {
      "inputs": {
        "nixpkgs": "nixpkgs_3"
      },
      "locked": {
        "lastModified": 1769903827,
        "narHash": "sha256-KxUw6Szl4kniAm/pQcIOq3q7NwHr/V2k2KmLCgfF388=",
        "owner": "anomalyco",
        "repo": "opencode",
        "rev": "8b7fe7c09fb46708605c9f4d30eb0d8495c37d8c",
        "type": "github"
      },
      "original": {
        "owner": "anomalyco",
        "repo": "opencode",
        "type": "github"
      }
    },
    "plugins-atone": {
      "flake": false,
      "locked": {
        "lastModified": 1763096453,
        "narHash": "sha256-1/scPTclNcXOKCVjAuve/wV88zIKIWeb5ul3Jb/9+xg=",
        "owner": "XXiaoA",
        "repo": "atone.nvim",
        "rev": "d1c1f08bfe23ac56536d0091c8a398938ee9db4e",
        "type": "github"
      },
      "original": {
        "owner": "XXiaoA",
        "repo": "atone.nvim",
        "type": "github"
      }
    },
    "plugins-conflict-marker": {
      "flake": false,
      "locked": {
        "lastModified": 1767956543,
        "narHash": "sha256-stIJpOEmsmjA4uuYaf41sc03gJlGSte7hr6bf52uvVI=",
        "owner": "tronikelis",
        "repo": "conflict-marker.nvim",
        "rev": "42fedfdfaad7163570366744f3ed202cedc6e70e",
        "type": "github"
      },
      "original": {
        "owner": "tronikelis",
        "repo": "conflict-marker.nvim",
        "type": "github"
      }
    },
    "plugins-lze": {
      "flake": false,
      "locked": {
        "lastModified": 1769574380,
        "narHash": "sha256-5o9/qvlQW7f/+ofENfs63zZls1gWYpug5+PzxSbwSgQ=",
        "owner": "BirdeeHub",
        "repo": "lze",
        "rev": "a6314f9aff8cdbf872f96ff41ee2d2f27627b743",
        "type": "github"
      },
      "original": {
        "owner": "BirdeeHub",
        "repo": "lze",
        "type": "github"
      }
    },
    "plugins-lzextras": {
      "flake": false,
      "locked": {
        "lastModified": 1769563201,
        "narHash": "sha256-LvWQiiSzlAH3mZSHdqU99vZL8n3SGUl5bKeLtGutB8E=",
        "owner": "BirdeeHub",
        "repo": "lzextras",
        "rev": "3b3ccb8418b5deab45ea54434938644f263fff4c",
        "type": "github"
      },
      "original": {
        "owner": "BirdeeHub",
        "repo": "lzextras",
        "type": "github"
      }
    },
    "root": {
      "inputs": {
        "neovim-nightly-overlay": "neovim-nightly-overlay",
        "nixpkgs": "nixpkgs_2",
        "opencode": "opencode",
        "plugins-atone": "plugins-atone",
        "plugins-conflict-marker": "plugins-conflict-marker",
        "plugins-lze": "plugins-lze",
        "plugins-lzextras": "plugins-lzextras",
        "rust-overlay": "rust-overlay",
        "wrappers": "wrappers"
      }
    },
    "rust-overlay": {
      "inputs": {
        "nixpkgs": "nixpkgs_4"
      },
      "locked": {
        "lastModified": 1769828398,
        "narHash": "sha256-zmnvRUm15QrlKH0V1BZoiT3U+Q+tr+P5Osi8qgtL9fY=",
        "owner": "oxalica",
        "repo": "rust-overlay",
        "rev": "a1d32c90c8a4ea43e9586b7e5894c179d5747425",
        "type": "github"
      },
      "original": {
        "owner": "oxalica",
        "repo": "rust-overlay",
        "type": "github"
      }
    },
    "wrappers": {
      "inputs": {
        "nixpkgs": [
          "nixpkgs"
        ]
      },
      "locked": {
        "lastModified": 1769899536,
        "narHash": "sha256-oKNKQNQCdiSRCqcPqetOj3NT1PVt83BXSNZF1w8LhQI=",
        "owner": "BirdeeHub",
        "repo": "nix-wrapper-modules",
        "rev": "cc2f127e41d0cdaf77ce0bb37cc7574c8f06884c",
        "type": "github"
      },
      "original": {
        "owner": "BirdeeHub",
        "repo": "nix-wrapper-modules",
        "type": "github"
      }
    }
  },
  "root": "root",
  "version": 7
}
