{
  "nodes": {
    "flake-parts": {
      "inputs": {
        "nixpkgs-lib": [
          "neovim-nightly-overlay",
          "nixpkgs"
        ]
      },
      "locked": {
        "lastModified": 1772408722,
        "narHash": "sha256-rHuJtdcOjK7rAHpHphUb1iCvgkU3GpfvicLMwwnfMT0=",
        "owner": "hercules-ci",
        "repo": "flake-parts",
        "rev": "f20dc5d9b8027381c474144ecabc9034d6a839a3",
        "type": "github"
      },
      "original": {
        "owner": "hercules-ci",
        "repo": "flake-parts",
        "type": "github"
      }
    },
    "neovim-nightly-overlay": {
      "inputs": {
        "flake-parts": "flake-parts",
        "neovim-src": "neovim-src",
        "nixpkgs": "nixpkgs"
      },
      "locked": {
        "lastModified": 1774051512,
        "narHash": "sha256-6IlLcSU4DJx6N+iIkorPa5/IGQ/sJLoVWQcqlsxWM98=",
        "owner": "nix-community",
        "repo": "neovim-nightly-overlay",
        "rev": "1db9d29916c326e55f2e7435a7692b5695090b81",
        "type": "github"
      },
      "original": {
        "owner": "nix-community",
        "repo": "neovim-nightly-overlay",
        "type": "github"
      }
    },
    "neovim-src": {
      "flake": false,
      "locked": {
        "lastModified": 1774050147,
        "narHash": "sha256-wgd3Jglqc1XSxWyXIHMs0eSmDM5ib+bHpxtlcYG7CT8=",
        "owner": "neovim",
        "repo": "neovim",
        "rev": "3c90cc1234ac66806b7da1e2fd9b0880c959521e",
        "type": "github"
      },
      "original": {
        "owner": "neovim",
        "repo": "neovim",
        "type": "github"
      }
    },
    "nixpkgs": {
      "locked": {
        "lastModified": 1773628058,
        "narHash": "sha256-hpXH0z3K9xv0fHaje136KY872VT2T5uwxtezlAskQgY=",
        "owner": "NixOS",
        "repo": "nixpkgs",
        "rev": "f8573b9c935cfaa162dd62cc9e75ae2db86f85df",
        "type": "github"
      },
      "original": {
        "owner": "NixOS",
        "ref": "nixpkgs-unstable",
        "repo": "nixpkgs",
        "type": "github"
      }
    },
    "nixpkgs_2": {
      "locked": {
        "lastModified": 1773840656,
        "narHash": "sha256-9tpvMGFteZnd3gRQZFlRCohVpqooygFuy9yjuyRL2C0=",
        "owner": "NixOS",
        "repo": "nixpkgs",
        "rev": "9cf7092bdd603554bd8b63c216e8943cf9b12512",
        "type": "github"
      },
      "original": {
        "owner": "NixOS",
        "ref": "nixpkgs-unstable",
        "repo": "nixpkgs",
        "type": "github"
      }
    },
    "nixpkgs_3": {
      "locked": {
        "lastModified": 1768393167,
        "narHash": "sha256-n2063BRjHde6DqAz2zavhOOiLUwA3qXt7jQYHyETjX8=",
        "owner": "NixOS",
        "repo": "nixpkgs",
        "rev": "2f594d5af95d4fdac67fba60376ec11e482041cb",
        "type": "github"
      },
      "original": {
        "owner": "NixOS",
        "ref": "nixpkgs-unstable",
        "repo": "nixpkgs",
        "type": "github"
      }
    },
    "nixpkgs_4": {
      "locked": {
        "lastModified": 1744536153,
        "narHash": "sha256-awS2zRgF4uTwrOKwwiJcByDzDOdo3Q1rPZbiHQg/N38=",
        "owner": "NixOS",
        "repo": "nixpkgs",
        "rev": "18dd725c29603f582cf1900e0d25f9f1063dbf11",
        "type": "github"
      },
      "original": {
        "owner": "NixOS",
        "ref": "nixpkgs-unstable",
        "repo": "nixpkgs",
        "type": "github"
      }
    },
    "opencode": {
      "inputs": {
        "nixpkgs": "nixpkgs_3"
      },
      "locked": {
        "lastModified": 1770332936,
        "narHash": "sha256-VddWpvtoDJlbbesJL6VlP99/NJqkHbN8Rdv1XccNRZM=",
        "owner": "anomalyco",
        "repo": "opencode",
        "rev": "579902ace6e9fb925f50b7d9fdf11a6b47895307",
        "type": "github"
      },
      "original": {
        "owner": "anomalyco",
        "ref": "tags/v1.1.53",
        "repo": "opencode",
        "type": "github"
      }
    },
    "plugins-atone": {
      "flake": false,
      "locked": {
        "lastModified": 1772368401,
        "narHash": "sha256-mIn3vmdbI52n9bTNixp0cJtRkKCvNlr5HpFhffN8X/A=",
        "owner": "XXiaoA",
        "repo": "atone.nvim",
        "rev": "08720f4b262350c1467a92c9731b817b8d2eea0f",
        "type": "github"
      },
      "original": {
        "owner": "XXiaoA",
        "repo": "atone.nvim",
        "type": "github"
      }
    },
    "plugins-conflict-marker": {
      "flake": false,
      "locked": {
        "lastModified": 1767956543,
        "narHash": "sha256-stIJpOEmsmjA4uuYaf41sc03gJlGSte7hr6bf52uvVI=",
        "owner": "tronikelis",
        "repo": "conflict-marker.nvim",
        "rev": "42fedfdfaad7163570366744f3ed202cedc6e70e",
        "type": "github"
      },
      "original": {
        "owner": "tronikelis",
        "repo": "conflict-marker.nvim",
        "type": "github"
      }
    },
    "plugins-lze": {
      "flake": false,
      "locked": {
        "lastModified": 1773555725,
        "narHash": "sha256-Ii/mrCHw8kw1IN0GIROm7O0NSz1jtDligb/qDNq1P3U=",
        "owner": "BirdeeHub",
        "repo": "lze",
        "rev": "1d05835370e841c1605ec88d0541195c9410c34e",
        "type": "github"
      },
      "original": {
        "owner": "BirdeeHub",
        "repo": "lze",
        "type": "github"
      }
    },
    "plugins-lzextras": {
      "flake": false,
      "locked": {
        "lastModified": 1773555737,
        "narHash": "sha256-fG8glvgoeFRHU6fgfBTb5GUxY+2YY3QfqzVYERa7ogs=",
        "owner": "BirdeeHub",
        "repo": "lzextras",
        "rev": "88f70fe95e3a6c4dc841ebed3b23c1f92c5cde42",
        "type": "github"
      },
      "original": {
        "owner": "BirdeeHub",
        "repo": "lzextras",
        "type": "github"
      }
    },
    "plugins-mole": {
      "flake": false,
      "locked": {
        "lastModified": 1772482071,
        "narHash": "sha256-SQXsWa3MQyjSMJ8Hrb8216uNlHx19ZCVlXRyDTlt6tE=",
        "owner": "zion-off",
        "repo": "mole.nvim",
        "rev": "62af21156f102132aa3aaccf160edaf339ac29af",
        "type": "github"
      },
      "original": {
        "owner": "zion-off",
        "repo": "mole.nvim",
        "type": "github"
      }
    },
    "plugins-nvim-highlight-colors": {
      "flake": false,
      "locked": {
        "lastModified": 1769415958,
        "narHash": "sha256-LrY61knLKAn36+RnMddAzxf/wYtdnLxnnQhtHB3mQwc=",
        "owner": "brenoprata10",
        "repo": "nvim-highlight-colors",
        "rev": "e2cb22089cc2358b2b995c09578224f142de6039",
        "type": "github"
      },
      "original": {
        "owner": "brenoprata10",
        "repo": "nvim-highlight-colors",
        "type": "github"
      }
    },
    "root": {
      "inputs": {
        "neovim-nightly-overlay": "neovim-nightly-overlay",
        "nixpkgs": "nixpkgs_2",
        "opencode": "opencode",
        "plugins-atone": "plugins-atone",
        "plugins-conflict-marker": "plugins-conflict-marker",
        "plugins-lze": "plugins-lze",
        "plugins-lzextras": "plugins-lzextras",
        "plugins-mole": "plugins-mole",
        "plugins-nvim-highlight-colors": "plugins-nvim-highlight-colors",
        "rust-overlay": "rust-overlay",
        "wrappers": "wrappers"
      }
    },
    "rust-overlay": {
      "inputs": {
        "nixpkgs": "nixpkgs_4"
      },
      "locked": {
        "lastModified": 1774062094,
        "narHash": "sha256-ba3c+hS7KzEiwtZRGHagIAYdcmdY3rCSWVCyn64rx7s=",
        "owner": "oxalica",
        "repo": "rust-overlay",
        "rev": "c807e83cc2e32adc35f51138b3bdef722c0812ab",
        "type": "github"
      },
      "original": {
        "owner": "oxalica",
        "repo": "rust-overlay",
        "type": "github"
      }
    },
    "wrappers": {
      "inputs": {
        "nixpkgs": [
          "nixpkgs"
        ]
      },
      "locked": {
        "lastModified": 1774098174,
        "narHash": "sha256-KTrndetKnmtUcFyDj0UGR3H8aSyeI2ERS8MMvqR90ms=",
        "owner": "BirdeeHub",
        "repo": "nix-wrapper-modules",
        "rev": "7857357e2cd7c3bfd6e1d1fa6b9db2a373cea420",
        "type": "github"
      },
      "original": {
        "owner": "BirdeeHub",
        "repo": "nix-wrapper-modules",
        "type": "github"
      }
    }
  },
  "root": "root",
  "version": 7
}
