{
  "nodes": {
    "flake-parts": {
      "inputs": {
        "nixpkgs-lib": [
          "neovim-nightly-overlay",
          "nixpkgs"
        ]
      },
      "locked": {
        "lastModified": 1769996383,
        "narHash": "sha256-AnYjnFWgS49RlqX7LrC4uA+sCCDBj0Ry/WOJ5XWAsa0=",
        "owner": "hercules-ci",
        "repo": "flake-parts",
        "rev": "57928607ea566b5db3ad13af0e57e921e6b12381",
        "type": "github"
      },
      "original": {
        "owner": "hercules-ci",
        "repo": "flake-parts",
        "type": "github"
      }
    },
    "neovim-nightly-overlay": {
      "inputs": {
        "flake-parts": "flake-parts",
        "neovim-src": "neovim-src",
        "nixpkgs": "nixpkgs"
      },
      "locked": {
        "lastModified": 1772237113,
        "narHash": "sha256-4tEHZDVzIVW/jjieutU/8BDEiDXhNiAavY4rzWaxULQ=",
        "owner": "nix-community",
        "repo": "neovim-nightly-overlay",
        "rev": "2ce78fc089b857211b7f48de7efd45167d77e1d7",
        "type": "github"
      },
      "original": {
        "owner": "nix-community",
        "repo": "neovim-nightly-overlay",
        "type": "github"
      }
    },
    "neovim-src": {
      "flake": false,
      "locked": {
        "lastModified": 1772236817,
        "narHash": "sha256-nAcgqdSrKqOBb2NeXrP1/33Qae2SgAEZ2wyNWskzll8=",
        "owner": "neovim",
        "repo": "neovim",
        "rev": "c4fdd3b072adc53206efa6310fdfd197f90c8b96",
        "type": "github"
      },
      "original": {
        "owner": "neovim",
        "repo": "neovim",
        "type": "github"
      }
    },
    "nixpkgs": {
      "locked": {
        "lastModified": 1772082373,
        "narHash": "sha256-wySf8a6hvuqgFdwvvzPPTARBCMLDz7WFAufGkllD1M4=",
        "owner": "NixOS",
        "repo": "nixpkgs",
        "rev": "26eaeac4e409d7b5a6bf6f90a2a2dc223c78d915",
        "type": "github"
      },
      "original": {
        "owner": "NixOS",
        "ref": "nixpkgs-unstable",
        "repo": "nixpkgs",
        "type": "github"
      }
    },
    "nixpkgs_2": {
      "locked": {
        "lastModified": 1772173633,
        "narHash": "sha256-MOH58F4AIbCkh6qlQcwMycyk5SWvsqnS/TCfnqDlpj4=",
        "owner": "NixOS",
        "repo": "nixpkgs",
        "rev": "c0f3d81a7ddbc2b1332be0d8481a672b4f6004d6",
        "type": "github"
      },
      "original": {
        "owner": "NixOS",
        "ref": "nixpkgs-unstable",
        "repo": "nixpkgs",
        "type": "github"
      }
    },
    "nixpkgs_3": {
      "locked": {
        "lastModified": 1768393167,
        "narHash": "sha256-n2063BRjHde6DqAz2zavhOOiLUwA3qXt7jQYHyETjX8=",
        "owner": "NixOS",
        "repo": "nixpkgs",
        "rev": "2f594d5af95d4fdac67fba60376ec11e482041cb",
        "type": "github"
      },
      "original": {
        "owner": "NixOS",
        "ref": "nixpkgs-unstable",
        "repo": "nixpkgs",
        "type": "github"
      }
    },
    "nixpkgs_4": {
      "locked": {
        "lastModified": 1744536153,
        "narHash": "sha256-awS2zRgF4uTwrOKwwiJcByDzDOdo3Q1rPZbiHQg/N38=",
        "owner": "NixOS",
        "repo": "nixpkgs",
        "rev": "18dd725c29603f582cf1900e0d25f9f1063dbf11",
        "type": "github"
      },
      "original": {
        "owner": "NixOS",
        "ref": "nixpkgs-unstable",
        "repo": "nixpkgs",
        "type": "github"
      }
    },
    "opencode": {
      "inputs": {
        "nixpkgs": "nixpkgs_3"
      },
      "locked": {
        "lastModified": 1770332936,
        "narHash": "sha256-VddWpvtoDJlbbesJL6VlP99/NJqkHbN8Rdv1XccNRZM=",
        "owner": "anomalyco",
        "repo": "opencode",
        "rev": "579902ace6e9fb925f50b7d9fdf11a6b47895307",
        "type": "github"
      },
      "original": {
        "owner": "anomalyco",
        "ref": "tags/v1.1.53",
        "repo": "opencode",
        "type": "github"
      }
    },
    "plugins-atone": {
      "flake": false,
      "locked": {
        "lastModified": 1771923790,
        "narHash": "sha256-YEwWbvZBs7DKS6/c2HxVfVG7u9ovb5Ow5t2o9RxqPXA=",
        "owner": "XXiaoA",
        "repo": "atone.nvim",
        "rev": "e749ff3bc881f628ea8471bdb27bceb7f632af90",
        "type": "github"
      },
      "original": {
        "owner": "XXiaoA",
        "repo": "atone.nvim",
        "type": "github"
      }
    },
    "plugins-conflict-marker": {
      "flake": false,
      "locked": {
        "lastModified": 1767956543,
        "narHash": "sha256-stIJpOEmsmjA4uuYaf41sc03gJlGSte7hr6bf52uvVI=",
        "owner": "tronikelis",
        "repo": "conflict-marker.nvim",
        "rev": "42fedfdfaad7163570366744f3ed202cedc6e70e",
        "type": "github"
      },
      "original": {
        "owner": "tronikelis",
        "repo": "conflict-marker.nvim",
        "type": "github"
      }
    },
    "plugins-copilot-lua": {
      "flake": false,
      "locked": {
        "lastModified": 1772243620,
        "narHash": "sha256-FL6OSeOtTTpswVBkMIun8tyoXchBQIOgofUBonlSVzQ=",
        "owner": "zbirenbaum",
        "repo": "copilot.lua",
        "rev": "00446a63cba4cc59bb24fc1e210a555a3e4acdfb",
        "type": "github"
      },
      "original": {
        "owner": "zbirenbaum",
        "repo": "copilot.lua",
        "type": "github"
      }
    },
    "plugins-lze": {
      "flake": false,
      "locked": {
        "lastModified": 1771977048,
        "narHash": "sha256-/mgHU8TEWRMbKYf5xw4XRieOOZpPpY+DtMcC6ti08Ao=",
        "owner": "BirdeeHub",
        "repo": "lze",
        "rev": "e1b8c2e99fc1812fb79d309d2aad95fcdf0e01a5",
        "type": "github"
      },
      "original": {
        "owner": "BirdeeHub",
        "repo": "lze",
        "type": "github"
      }
    },
    "plugins-lzextras": {
      "flake": false,
      "locked": {
        "lastModified": 1771977030,
        "narHash": "sha256-aSQPc1i9S4/flg4HF7vjYD8apiLnUjhRekH8lNVkXig=",
        "owner": "BirdeeHub",
        "repo": "lzextras",
        "rev": "4c1a9f9a95d5f38335788803b4f5ee7b831b3a8e",
        "type": "github"
      },
      "original": {
        "owner": "BirdeeHub",
        "repo": "lzextras",
        "type": "github"
      }
    },
    "plugins-mole": {
      "flake": false,
      "locked": {
        "lastModified": 1771232281,
        "narHash": "sha256-cCBC/9+VLsZbFGLwQCrI3ePDxvTuVREgQ/yP3y6wEMo=",
        "owner": "zion-off",
        "repo": "mole.nvim",
        "rev": "9ebaf97688e9fb9d167ebd522e6ab73ceb0f6627",
        "type": "github"
      },
      "original": {
        "owner": "zion-off",
        "repo": "mole.nvim",
        "type": "github"
      }
    },
    "plugins-nvim-highlight-colors": {
      "flake": false,
      "locked": {
        "lastModified": 1769415958,
        "narHash": "sha256-LrY61knLKAn36+RnMddAzxf/wYtdnLxnnQhtHB3mQwc=",
        "owner": "brenoprata10",
        "repo": "nvim-highlight-colors",
        "rev": "e2cb22089cc2358b2b995c09578224f142de6039",
        "type": "github"
      },
      "original": {
        "owner": "brenoprata10",
        "repo": "nvim-highlight-colors",
        "type": "github"
      }
    },
    "root": {
      "inputs": {
        "neovim-nightly-overlay": "neovim-nightly-overlay",
        "nixpkgs": "nixpkgs_2",
        "opencode": "opencode",
        "plugins-atone": "plugins-atone",
        "plugins-conflict-marker": "plugins-conflict-marker",
        "plugins-copilot-lua": "plugins-copilot-lua",
        "plugins-lze": "plugins-lze",
        "plugins-lzextras": "plugins-lzextras",
        "plugins-mole": "plugins-mole",
        "plugins-nvim-highlight-colors": "plugins-nvim-highlight-colors",
        "rust-overlay": "rust-overlay",
        "wrappers": "wrappers"
      }
    },
    "rust-overlay": {
      "inputs": {
        "nixpkgs": "nixpkgs_4"
      },
      "locked": {
        "lastModified": 1772247314,
        "narHash": "sha256-x6IFQ9bL7YYfW2m2z8D3Em2YtAA3HE8kiCFwai2fwrw=",
        "owner": "oxalica",
        "repo": "rust-overlay",
        "rev": "a1ab5e89ab12e1a37c0b264af6386a7472d68a15",
        "type": "github"
      },
      "original": {
        "owner": "oxalica",
        "repo": "rust-overlay",
        "type": "github"
      }
    },
    "wrappers": {
      "inputs": {
        "nixpkgs": [
          "nixpkgs"
        ]
      },
      "locked": {
        "lastModified": 1772285008,
        "narHash": "sha256-tR5c3MreHZ3uasglb9lxX/SEFvGnCjOrasCF+s+ORNI=",
        "owner": "BirdeeHub",
        "repo": "nix-wrapper-modules",
        "rev": "7025a67a1410015bf225903333f12021fd0bdff0",
        "type": "github"
      },
      "original": {
        "owner": "BirdeeHub",
        "repo": "nix-wrapper-modules",
        "type": "github"
      }
    }
  },
  "root": "root",
  "version": 7
}
